
Microsoft Visual Studio Solution File, Format Version 12.00
# Visual Studio 15
Project("{FAE04EC0-301F-11D3-BF4B-00C04F79EFBC}") = "Assembly-CSharp-firstpass", "Assembly-CSharp-firstpass.csproj", "{0C1F1463-C648-F93E-AC89-5B3C26EE32C7}"
EndProject
Project("{FAE04EC0-301F-11D3-BF4B-00C04F79EFBC}") = "Assembly-CSharp", "Assembly-CSharp.csproj", "{E3EAC2E1-14BB-3514-F343-FA586267E368}"
EndProject
Project("{FAE04EC0-301F-11D3-BF4B-00C04F79EFBC}") = "Assembly-CSharp-Editor-firstpass", "Assembly-CSharp-Editor-firstpass.csproj", "{8D53CD51-EE00-98AE-6C06-75EE1AC2F154}"
EndProject
Global
	GlobalSection(SolutionConfigurationPlatforms) = preSolution
		Debug|Any CPU = Debug|Any CPU
		Release|Any CPU = Release|Any CPU
	EndGlobalSection
	GlobalSection(ProjectConfigurationPlatforms) = postSolution
		{0C1F1463-C648-F93E-AC89-5B3C26EE32C7}.Debug|Any CPU.ActiveCfg = Debug|Any CPU
		{0C1F1463-C648-F93E-AC89-5B3C26EE32C7}.Debug|Any CPU.Build.0 = Debug|Any CPU
		{0C1F1463-C648-F93E-AC89-5B3C26EE32C7}.Release|Any CPU.ActiveCfg = Release|Any CPU
		{0C1F1463-C648-F93E-AC89-5B3C26EE32C7}.Release|Any CPU.Build.0 = Release|Any CPU
		{E3EAC2E1-14BB-3514-F343-FA586267E368}.Debug|Any CPU.ActiveCfg = Debug|Any CPU
		{E3EAC2E1-14BB-3514-F343-FA586267E368}.Debug|Any CPU.Build.0 = Debug|Any CPU
		{E3EAC2E1-14BB-3514-F343-FA586267E368}.Release|Any CPU.ActiveCfg = Release|Any CPU
		{E3EAC2E1-14BB-3514-F343-FA586267E368}.Release|Any CPU.Build.0 = Release|Any CPU
		{8D53CD51-EE00-98AE-6C06-75EE1AC2F154}.Debug|Any CPU.ActiveCfg = Debug|Any CPU
		{8D53CD51-EE00-98AE-6C06-75EE1AC2F154}.Debug|Any CPU.Build.0 = Debug|Any CPU
		{8D53CD51-EE00-98AE-6C06-75EE1AC2F154}.Release|Any CPU.ActiveCfg = Release|Any CPU
		{8D53CD51-EE00-98AE-6C06-75EE1AC2F154}.Release|Any CPU.Build.0 = Release|Any CPU
	EndGlobalSection
	GlobalSection(SolutionProperties) = preSolution
		HideSolutionNode = FALSE
	EndGlobalSection
EndGlobal
